// !$*UTF8*$!
{
	archiveVersion = 1;
	classes = {
	};
	objectVersion = 46;
	objects = {

/* Begin PBXBuildFile section */
		1404762F1B43212100447255 /* field0.png in Resources */ = {isa = PBXBuildFile; fileRef = 140476231B43212100447255 /* field0.png */; };
		140476301B43212100447255 /* field1.png in Resources */ = {isa = PBXBuildFile; fileRef = 140476241B43212100447255 /* field1.png */; };
		140476311B43212100447255 /* field2.png in Resources */ = {isa = PBXBuildFile; fileRef = 140476251B43212100447255 /* field2.png */; };
		140476321B43212100447255 /* field3.png in Resources */ = {isa = PBXBuildFile; fileRef = 140476261B43212100447255 /* field3.png */; };
		140476331B43212100447255 /* field4.png in Resources */ = {isa = PBXBuildFile; fileRef = 140476271B43212100447255 /* field4.png */; };
		140476341B43212100447255 /* field5.png in Resources */ = {isa = PBXBuildFile; fileRef = 140476281B43212100447255 /* field5.png */; };
		140476351B43212100447255 /* field6.png in Resources */ = {isa = PBXBuildFile; fileRef = 140476291B43212100447255 /* field6.png */; };
		140476361B43212100447255 /* field7.png in Resources */ = {isa = PBXBuildFile; fileRef = 1404762A1B43212100447255 /* field7.png */; };
		140476371B43212100447255 /* field8.png in Resources */ = {isa = PBXBuildFile; fileRef = 1404762B1B43212100447255 /* field8.png */; };
		140476381B43212100447255 /* field9.png in Resources */ = {isa = PBXBuildFile; fileRef = 1404762C1B43212100447255 /* field9.png */; };
		140476391B43212100447255 /* field10.png in Resources */ = {isa = PBXBuildFile; fileRef = 1404762D1B43212100447255 /* field10.png */; };
		1404763A1B43212100447255 /* field11.png in Resources */ = {isa = PBXBuildFile; fileRef = 1404762E1B43212100447255 /* field11.png */; };
		141997E11B2F98E30087792A /* deadsoldier0.png in Resources */ = {isa = PBXBuildFile; fileRef = 141997D21B2F98E30087792A /* deadsoldier0.png */; };
		141997E21B2F98E30087792A /* deadsoldier1.png in Resources */ = {isa = PBXBuildFile; fileRef = 141997D31B2F98E30087792A /* deadsoldier1.png */; };
		141997E31B2F98E30087792A /* deadsoldier2.png in Resources */ = {isa = PBXBuildFile; fileRef = 141997D41B2F98E30087792A /* deadsoldier2.png */; };
		141997E41B2F98E30087792A /* deadsoldier3.png in Resources */ = {isa = PBXBuildFile; fileRef = 141997D51B2F98E30087792A /* deadsoldier3.png */; };
		141997E51B2F98E30087792A /* deadsoldier4.png in Resources */ = {isa = PBXBuildFile; fileRef = 141997D61B2F98E30087792A /* deadsoldier4.png */; };
		141997E61B2F98E30087792A /* deadsoldier5.png in Resources */ = {isa = PBXBuildFile; fileRef = 141997D71B2F98E30087792A /* deadsoldier5.png */; };
		141997E71B2F98E30087792A /* deadsoldier6.png in Resources */ = {isa = PBXBuildFile; fileRef = 141997D81B2F98E30087792A /* deadsoldier6.png */; };
		141997E81B2F98E30087792A /* deadsoldier7.png in Resources */ = {isa = PBXBuildFile; fileRef = 141997D91B2F98E30087792A /* deadsoldier7.png */; };
		141997E91B2F98E30087792A /* deadsoldier8.png in Resources */ = {isa = PBXBuildFile; fileRef = 141997DA1B2F98E30087792A /* deadsoldier8.png */; };
		141997EA1B2F98E30087792A /* deadsoldier9.png in Resources */ = {isa = PBXBuildFile; fileRef = 141997DB1B2F98E30087792A /* deadsoldier9.png */; };
		141997EB1B2F98E30087792A /* deadsoldier10.png in Resources */ = {isa = PBXBuildFile; fileRef = 141997DC1B2F98E30087792A /* deadsoldier10.png */; };
		141997EC1B2F98E30087792A /* deadsoldier11.png in Resources */ = {isa = PBXBuildFile; fileRef = 141997DD1B2F98E30087792A /* deadsoldier11.png */; };
		141997ED1B2F98E30087792A /* deadsoldier12.png in Resources */ = {isa = PBXBuildFile; fileRef = 141997DE1B2F98E30087792A /* deadsoldier12.png */; };
		141997EE1B2F98E30087792A /* deadsoldier13.png in Resources */ = {isa = PBXBuildFile; fileRef = 141997DF1B2F98E30087792A /* deadsoldier13.png */; };
		141997EF1B2F98E30087792A /* deadsoldier14.png in Resources */ = {isa = PBXBuildFile; fileRef = 141997E01B2F98E30087792A /* deadsoldier14.png */; };
		1447312B1B3210C000A34790 /* heavyblood.sks in Resources */ = {isa = PBXBuildFile; fileRef = 1447312A1B3210C000A34790 /* heavyblood.sks */; };
		144731341B32453C00A34790 /* flamer.sks in Resources */ = {isa = PBXBuildFile; fileRef = 144731331B32453C00A34790 /* flamer.sks */; };
		1447313E1B3370EF00A34790 /* Enemy.swift in Sources */ = {isa = PBXBuildFile; fileRef = 1447313D1B3370EF00A34790 /* Enemy.swift */; };
		144731401B339F3900A34790 /* ash.sks in Resources */ = {isa = PBXBuildFile; fileRef = 1447313F1B339F3800A34790 /* ash.sks */; };
		1447315C1B36E4B500A34790 /* expdeath0.png in Resources */ = {isa = PBXBuildFile; fileRef = 144731541B36E4B500A34790 /* expdeath0.png */; };
		1447315D1B36E4B500A34790 /* expdeath1.png in Resources */ = {isa = PBXBuildFile; fileRef = 144731551B36E4B500A34790 /* expdeath1.png */; };
		1447315E1B36E4B500A34790 /* expdeath2.png in Resources */ = {isa = PBXBuildFile; fileRef = 144731561B36E4B500A34790 /* expdeath2.png */; };
		1447315F1B36E4B500A34790 /* expdeath3.png in Resources */ = {isa = PBXBuildFile; fileRef = 144731571B36E4B500A34790 /* expdeath3.png */; };
		144731601B36E4B500A34790 /* expdeath4.png in Resources */ = {isa = PBXBuildFile; fileRef = 144731581B36E4B500A34790 /* expdeath4.png */; };
		144731611B36E4B500A34790 /* expdeath5.png in Resources */ = {isa = PBXBuildFile; fileRef = 144731591B36E4B500A34790 /* expdeath5.png */; };
		144731621B36E4B500A34790 /* expdeath6.png in Resources */ = {isa = PBXBuildFile; fileRef = 1447315A1B36E4B500A34790 /* expdeath6.png */; };
		144731631B36E4B500A34790 /* expdeath7.png in Resources */ = {isa = PBXBuildFile; fileRef = 1447315B1B36E4B500A34790 /* expdeath7.png */; };
		144731781B36F9EF00A34790 /* flamedeath0.png in Resources */ = {isa = PBXBuildFile; fileRef = 144731641B36F9EF00A34790 /* flamedeath0.png */; };
		144731791B36F9EF00A34790 /* flamedeath1.png in Resources */ = {isa = PBXBuildFile; fileRef = 144731651B36F9EF00A34790 /* flamedeath1.png */; };
		1447317A1B36F9EF00A34790 /* flamedeath2.png in Resources */ = {isa = PBXBuildFile; fileRef = 144731661B36F9EF00A34790 /* flamedeath2.png */; };
		1447317B1B36F9EF00A34790 /* flamedeath3.png in Resources */ = {isa = PBXBuildFile; fileRef = 144731671B36F9EF00A34790 /* flamedeath3.png */; };
		1447317C1B36F9EF00A34790 /* flamedeath4.png in Resources */ = {isa = PBXBuildFile; fileRef = 144731681B36F9EF00A34790 /* flamedeath4.png */; };
		1447317D1B36F9EF00A34790 /* flamedeath5.png in Resources */ = {isa = PBXBuildFile; fileRef = 144731691B36F9EF00A34790 /* flamedeath5.png */; };
		1447317E1B36F9EF00A34790 /* flamedeath6.png in Resources */ = {isa = PBXBuildFile; fileRef = 1447316A1B36F9EF00A34790 /* flamedeath6.png */; };
		1447317F1B36F9EF00A34790 /* flamedeath7.png in Resources */ = {isa = PBXBuildFile; fileRef = 1447316B1B36F9EF00A34790 /* flamedeath7.png */; };
		144731801B36F9EF00A34790 /* flamedeath8.png in Resources */ = {isa = PBXBuildFile; fileRef = 1447316C1B36F9EF00A34790 /* flamedeath8.png */; };
		144731811B36F9EF00A34790 /* flamedeath9.png in Resources */ = {isa = PBXBuildFile; fileRef = 1447316D1B36F9EF00A34790 /* flamedeath9.png */; };
		144731821B36F9EF00A34790 /* flamedeath10.png in Resources */ = {isa = PBXBuildFile; fileRef = 1447316E1B36F9EF00A34790 /* flamedeath10.png */; };
		144731831B36F9EF00A34790 /* flamedeath11.png in Resources */ = {isa = PBXBuildFile; fileRef = 1447316F1B36F9EF00A34790 /* flamedeath11.png */; };
		144731841B36F9EF00A34790 /* flamedeath12.png in Resources */ = {isa = PBXBuildFile; fileRef = 144731701B36F9EF00A34790 /* flamedeath12.png */; };
		144731851B36F9EF00A34790 /* flamedeath13.png in Resources */ = {isa = PBXBuildFile; fileRef = 144731711B36F9EF00A34790 /* flamedeath13.png */; };
		144731861B36F9EF00A34790 /* flamedeath14.png in Resources */ = {isa = PBXBuildFile; fileRef = 144731721B36F9EF00A34790 /* flamedeath14.png */; };
		144731871B36F9EF00A34790 /* flamedeath15.png in Resources */ = {isa = PBXBuildFile; fileRef = 144731731B36F9EF00A34790 /* flamedeath15.png */; };
		144731881B36F9EF00A34790 /* flamedeath16.png in Resources */ = {isa = PBXBuildFile; fileRef = 144731741B36F9EF00A34790 /* flamedeath16.png */; };
		144731891B36F9EF00A34790 /* flamedeath17.png in Resources */ = {isa = PBXBuildFile; fileRef = 144731751B36F9EF00A34790 /* flamedeath17.png */; };
		1447318A1B36F9EF00A34790 /* flamedeath18.png in Resources */ = {isa = PBXBuildFile; fileRef = 144731761B36F9EF00A34790 /* flamedeath18.png */; };
		144731AB1B3771C800A34790 /* spark.sks in Resources */ = {isa = PBXBuildFile; fileRef = 144731AA1B3771C800A34790 /* spark.sks */; };
		145006841B38B89D00E191C8 /* GameOver.swift in Sources */ = {isa = PBXBuildFile; fileRef = 145006831B38B89D00E191C8 /* GameOver.swift */; };
		145431411B459741004E7336 /* ocean.mp3 in Resources */ = {isa = PBXBuildFile; fileRef = 145431401B459741004E7336 /* ocean.mp3 */; };
		145431431B45C8AD004E7336 /* zombie.atlas in Resources */ = {isa = PBXBuildFile; fileRef = 145431421B45C8AD004E7336 /* zombie.atlas */; };
		145431451B45CCE9004E7336 /* cblood.sks in Resources */ = {isa = PBXBuildFile; fileRef = 145431441B45CCE9004E7336 /* cblood.sks */; };
		1456231C1B49C57000F51B6C /* exp.sks in Resources */ = {isa = PBXBuildFile; fileRef = 1456231B1B49C57000F51B6C /* exp.sks */; };
		1456231E1B4AD78F00F51B6C /* spikesound.mp3 in Resources */ = {isa = PBXBuildFile; fileRef = 1456231D1B4AD78E00F51B6C /* spikesound.mp3 */; };
		147D28A11B2C790900BD025A /* Invader.swift in Sources */ = {isa = PBXBuildFile; fileRef = 147D28A01B2C790900BD025A /* Invader.swift */; };
		147D28A31B2C7EA000BD025A /* Player.swift in Sources */ = {isa = PBXBuildFile; fileRef = 147D28A21B2C7EA000BD025A /* Player.swift */; };
		147D28A51B2C829100BD025A /* Bullet.swift in Sources */ = {isa = PBXBuildFile; fileRef = 147D28A41B2C829100BD025A /* Bullet.swift */; };
		147D28A91B2C880000BD025A /* PlayerBullet.swift in Sources */ = {isa = PBXBuildFile; fileRef = 147D28A81B2C880000BD025A /* PlayerBullet.swift */; };
		147D28AB1B2D9C5E00BD025A /* Utilities.swift in Sources */ = {isa = PBXBuildFile; fileRef = 147D28AA1B2D9C5E00BD025A /* Utilities.swift */; };
		147E29FD1B41FCBF0043C662 /* dirt.sks in Resources */ = {isa = PBXBuildFile; fileRef = 147E29FC1B41FCBF0043C662 /* dirt.sks */; };
		147E29FF1B4205430043C662 /* smoke.sks in Resources */ = {isa = PBXBuildFile; fileRef = 147E29FE1B4205430043C662 /* smoke.sks */; };
		1481238E1B30AF3E0056992C /* Timer.swift in Sources */ = {isa = PBXBuildFile; fileRef = 1481238A1B30AF3E0056992C /* Timer.swift */; };
		1481238F1B30AF3E0056992C /* Globals.swift in Sources */ = {isa = PBXBuildFile; fileRef = 1481238B1B30AF3E0056992C /* Globals.swift */; };
		148123901B30AF3E0056992C /* TargetAction.swift in Sources */ = {isa = PBXBuildFile; fileRef = 1481238C1B30AF3E0056992C /* TargetAction.swift */; };
		148123911B30AF3E0056992C /* Scheduler.swift in Sources */ = {isa = PBXBuildFile; fileRef = 1481238D1B30AF3E0056992C /* Scheduler.swift */; };
		148123A51B30B7700056992C /* mummy0.png in Resources */ = {isa = PBXBuildFile; fileRef = 148123931B30B7700056992C /* mummy0.png */; };
		148123A61B30B7700056992C /* mummy1.png in Resources */ = {isa = PBXBuildFile; fileRef = 148123941B30B7700056992C /* mummy1.png */; };
		148123A71B30B7700056992C /* mummy2.png in Resources */ = {isa = PBXBuildFile; fileRef = 148123951B30B7700056992C /* mummy2.png */; };
		148123A81B30B7700056992C /* mummy3.png in Resources */ = {isa = PBXBuildFile; fileRef = 148123961B30B7700056992C /* mummy3.png */; };
		148123A91B30B7700056992C /* mummy4.png in Resources */ = {isa = PBXBuildFile; fileRef = 148123971B30B7700056992C /* mummy4.png */; };
		148123AA1B30B7700056992C /* mummy5.png in Resources */ = {isa = PBXBuildFile; fileRef = 148123981B30B7700056992C /* mummy5.png */; };
		148123AB1B30B7700056992C /* mummy6.png in Resources */ = {isa = PBXBuildFile; fileRef = 148123991B30B7700056992C /* mummy6.png */; };
		148123AC1B30B7700056992C /* mummy7.png in Resources */ = {isa = PBXBuildFile; fileRef = 1481239A1B30B7700056992C /* mummy7.png */; };
		148123AD1B30B7700056992C /* mummy8.png in Resources */ = {isa = PBXBuildFile; fileRef = 1481239B1B30B7700056992C /* mummy8.png */; };
		148123AE1B30B7700056992C /* mummy9.png in Resources */ = {isa = PBXBuildFile; fileRef = 1481239C1B30B7700056992C /* mummy9.png */; };
		148123AF1B30B7700056992C /* mummy10.png in Resources */ = {isa = PBXBuildFile; fileRef = 1481239D1B30B7700056992C /* mummy10.png */; };
		148123B01B30B7700056992C /* mummy11.png in Resources */ = {isa = PBXBuildFile; fileRef = 1481239E1B30B7700056992C /* mummy11.png */; };
		148123B11B30B7700056992C /* mummy12.png in Resources */ = {isa = PBXBuildFile; fileRef = 1481239F1B30B7700056992C /* mummy12.png */; };
		148123B21B30B7700056992C /* mummy13.png in Resources */ = {isa = PBXBuildFile; fileRef = 148123A01B30B7700056992C /* mummy13.png */; };
		148123B31B30B7700056992C /* mummy14.png in Resources */ = {isa = PBXBuildFile; fileRef = 148123A11B30B7700056992C /* mummy14.png */; };
		148123B41B30B7700056992C /* mummy15.png in Resources */ = {isa = PBXBuildFile; fileRef = 148123A21B30B7700056992C /* mummy15.png */; };
		148123B51B30B7700056992C /* mummy16.png in Resources */ = {isa = PBXBuildFile; fileRef = 148123A31B30B7700056992C /* mummy16.png */; };
		148123B61B30B7700056992C /* mummy17.png in Resources */ = {isa = PBXBuildFile; fileRef = 148123A41B30B7700056992C /* mummy17.png */; };
		148123B81B30B9F50056992C /* Mummy.swift in Sources */ = {isa = PBXBuildFile; fileRef = 148123B71B30B9F50056992C /* Mummy.swift */; };
		148123C81B31DCE60056992C /* ScenePiece.swift in Sources */ = {isa = PBXBuildFile; fileRef = 148123C71B31DCE60056992C /* ScenePiece.swift */; };
		1485583B1B2F0AA300EBD93A /* spark.png in Resources */ = {isa = PBXBuildFile; fileRef = 148558391B2F0AA300EBD93A /* spark.png */; };
		1485583D1B2F12A200EBD93A /* blood.sks in Resources */ = {isa = PBXBuildFile; fileRef = 1485583C1B2F12A200EBD93A /* blood.sks */; };
		1485583F1B2F1AC400EBD93A /* MyParticleSystem.scnp in Resources */ = {isa = PBXBuildFile; fileRef = 1485583E1B2F1AC400EBD93A /* MyParticleSystem.scnp */; };
		14B88C2A1B3E0230005C3E90 /* Ally.swift in Sources */ = {isa = PBXBuildFile; fileRef = 14B88C291B3E0230005C3E90 /* Ally.swift */; };
		14B88C2C1B3E2277005C3E90 /* EnemyBullet.swift in Sources */ = {isa = PBXBuildFile; fileRef = 14B88C2B1B3E2277005C3E90 /* EnemyBullet.swift */; };
		14BE40F61B448E0A00528C70 /* images.atlas in Resources */ = {isa = PBXBuildFile; fileRef = 14BE40F51B448E0A00528C70 /* images.atlas */; };
		14BE40FC1B4491DD00528C70 /* soldierrun.atlas in Resources */ = {isa = PBXBuildFile; fileRef = 14BE40FB1B4491DD00528C70 /* soldierrun.atlas */; };
		14BE410B1B4497A300528C70 /* BG.mp3 in Resources */ = {isa = PBXBuildFile; fileRef = 14BE41001B4497A300528C70 /* BG.mp3 */; };
		14BE410C1B4497A300528C70 /* BGG.aiff in Resources */ = {isa = PBXBuildFile; fileRef = 14BE41011B4497A300528C70 /* BGG.aiff */; };
		14BE410D1B4497A300528C70 /* BGG.wav in Resources */ = {isa = PBXBuildFile; fileRef = 14BE41021B4497A300528C70 /* BGG.wav */; };
		14BE410E1B4497A300528C70 /* BGM.mp3 in Resources */ = {isa = PBXBuildFile; fileRef = 14BE41031B4497A300528C70 /* BGM.mp3 */; };
		14BE410F1B4497A300528C70 /* BGmusic.mp3 in Resources */ = {isa = PBXBuildFile; fileRef = 14BE41041B4497A300528C70 /* BGmusic.mp3 */; };
		14BE41101B4497A300528C70 /* Copy the Copyists.mp3 in Resources */ = {isa = PBXBuildFile; fileRef = 14BE41051B4497A300528C70 /* Copy the Copyists.mp3 */; };
		14BE41111B4497A300528C70 /* Dissonance.mp3 in Resources */ = {isa = PBXBuildFile; fileRef = 14BE41061B4497A300528C70 /* Dissonance.mp3 */; };
		14BE41121B4497A300528C70 /* Hello.mp3 in Resources */ = {isa = PBXBuildFile; fileRef = 14BE41071B4497A300528C70 /* Hello.mp3 */; };
		14BE41131B4497A300528C70 /* intro.mid in Resources */ = {isa = PBXBuildFile; fileRef = 14BE41081B4497A300528C70 /* intro.mid */; };
		14BE41141B4497A300528C70 /* Revelations.mp3 in Resources */ = {isa = PBXBuildFile; fileRef = 14BE41091B4497A300528C70 /* Revelations.mp3 */; };
		14BE41151B4497A300528C70 /* GO.mp3 in Resources */ = {isa = PBXBuildFile; fileRef = 14BE410A1B4497A300528C70 /* GO.mp3 */; };
		14BE41281B4497F400528C70 /* arrowfire.mp3 in Resources */ = {isa = PBXBuildFile; fileRef = 14BE41171B4497F400528C70 /* arrowfire.mp3 */; };
		14BE41291B4497F400528C70 /* autolaser.mp3 in Resources */ = {isa = PBXBuildFile; fileRef = 14BE41181B4497F400528C70 /* autolaser.mp3 */; };
		14BE412A1B4497F400528C70 /* beep.mp3 in Resources */ = {isa = PBXBuildFile; fileRef = 14BE41191B4497F400528C70 /* beep.mp3 */; };
		14BE412C1B4497F400528C70 /* flamergoing.wav in Resources */ = {isa = PBXBuildFile; fileRef = 14BE411B1B4497F400528C70 /* flamergoing.wav */; };
		14BE412D1B4497F400528C70 /* flamersound.mp3 in Resources */ = {isa = PBXBuildFile; fileRef = 14BE411C1B4497F400528C70 /* flamersound.mp3 */; };
		14BE412E1B4497F400528C70 /* gunshot.mp3 in Resources */ = {isa = PBXBuildFile; fileRef = 14BE411D1B4497F400528C70 /* gunshot.mp3 */; };
		14BE412F1B4497F400528C70 /* hit.mp3 in Resources */ = {isa = PBXBuildFile; fileRef = 14BE411E1B4497F400528C70 /* hit.mp3 */; };
		14BE41301B4497F400528C70 /* machinegun.wav in Resources */ = {isa = PBXBuildFile; fileRef = 14BE411F1B4497F400528C70 /* machinegun.wav */; };
		14BE41311B4497F400528C70 /* mm.wav in Resources */ = {isa = PBXBuildFile; fileRef = 14BE41201B4497F400528C70 /* mm.wav */; };
		14BE41321B4497F400528C70 /* nade.mp3 in Resources */ = {isa = PBXBuildFile; fileRef = 14BE41211B4497F400528C70 /* nade.mp3 */; };
		14BE41331B4497F400528C70 /* punch.wav in Resources */ = {isa = PBXBuildFile; fileRef = 14BE41221B4497F400528C70 /* punch.wav */; };
		14BE41351B4497F400528C70 /* shotgunreload.mp3 in Resources */ = {isa = PBXBuildFile; fileRef = 14BE41241B4497F400528C70 /* shotgunreload.mp3 */; };
		14BE41361B4497F400528C70 /* shotgunsound.mp3 in Resources */ = {isa = PBXBuildFile; fileRef = 14BE41251B4497F400528C70 /* shotgunsound.mp3 */; };
		14BE41371B4497F400528C70 /* slice.mp3 in Resources */ = {isa = PBXBuildFile; fileRef = 14BE41261B4497F400528C70 /* slice.mp3 */; };
		14BE41381B4497F400528C70 /* smash.wav in Resources */ = {isa = PBXBuildFile; fileRef = 14BE41271B4497F400528C70 /* smash.wav */; };
		14BE413B1B44990F00528C70 /* heavy.atlas in Resources */ = {isa = PBXBuildFile; fileRef = 14BE413A1B44990F00528C70 /* heavy.atlas */; };
		745B96291A8BDC36006D014D /* AppDelegate.swift in Sources */ = {isa = PBXBuildFile; fileRef = 745B96281A8BDC36006D014D /* AppDelegate.swift */; };
		745B962D1A8BDC36006D014D /* GameScene.swift in Sources */ = {isa = PBXBuildFile; fileRef = 745B962C1A8BDC36006D014D /* GameScene.swift */; };
		745B962F1A8BDC36006D014D /* GameViewController.swift in Sources */ = {isa = PBXBuildFile; fileRef = 745B962E1A8BDC36006D014D /* GameViewController.swift */; };
		745B96321A8BDC36006D014D /* Main.storyboard in Resources */ = {isa = PBXBuildFile; fileRef = 745B96301A8BDC36006D014D /* Main.storyboard */; };
		745B96341A8BDC36006D014D /* Images.xcassets in Resources */ = {isa = PBXBuildFile; fileRef = 745B96331A8BDC36006D014D /* Images.xcassets */; };
		745B96371A8BDC36006D014D /* LaunchScreen.xib in Resources */ = {isa = PBXBuildFile; fileRef = 745B96351A8BDC36006D014D /* LaunchScreen.xib */; };
		745B96431A8BDC36006D014D /* MobileTutsInvaderzTests.swift in Sources */ = {isa = PBXBuildFile; fileRef = 745B96421A8BDC36006D014D /* MobileTutsInvaderzTests.swift */; };
		745B964D1A8BFFD4006D014D /* StartGameScene.swift in Sources */ = {isa = PBXBuildFile; fileRef = 745B964C1A8BFFD4006D014D /* StartGameScene.swift */; };
/* End PBXBuildFile section */

/* Begin PBXContainerItemProxy section */
		745B963D1A8BDC36006D014D /* PBXContainerItemProxy */ = {
			isa = PBXContainerItemProxy;
			containerPortal = 745B961B1A8BDC36006D014D /* Project object */;
			proxyType = 1;
			remoteGlobalIDString = 745B96221A8BDC36006D014D;
			remoteInfo = MobileTutsInvaderz;
		};
/* End PBXContainerItemProxy section */

/* Begin PBXFileReference section */
		140476231B43212100447255 /* field0.png */ = {isa = PBXFileReference; lastKnownFileType = image.png; path = field0.png; sourceTree = "<group>"; };
		140476241B43212100447255 /* field1.png */ = {isa = PBXFileReference; lastKnownFileType = image.png; path = field1.png; sourceTree = "<group>"; };
		140476251B43212100447255 /* field2.png */ = {isa = PBXFileReference; lastKnownFileType = image.png; path = field2.png; sourceTree = "<group>"; };
		140476261B43212100447255 /* field3.png */ = {isa = PBXFileReference; lastKnownFileType = image.png; path = field3.png; sourceTree = "<group>"; };
		140476271B43212100447255 /* field4.png */ = {isa = PBXFileReference; lastKnownFileType = image.png; path = field4.png; sourceTree = "<group>"; };
		140476281B43212100447255 /* field5.png */ = {isa = PBXFileReference; lastKnownFileType = image.png; path = field5.png; sourceTree = "<group>"; };
		140476291B43212100447255 /* field6.png */ = {isa = PBXFileReference; lastKnownFileType = image.png; path = field6.png; sourceTree = "<group>"; };
		1404762A1B43212100447255 /* field7.png */ = {isa = PBXFileReference; lastKnownFileType = image.png; path = field7.png; sourceTree = "<group>"; };
		1404762B1B43212100447255 /* field8.png */ = {isa = PBXFileReference; lastKnownFileType = image.png; path = field8.png; sourceTree = "<group>"; };
		1404762C1B43212100447255 /* field9.png */ = {isa = PBXFileReference; lastKnownFileType = image.png; path = field9.png; sourceTree = "<group>"; };
		1404762D1B43212100447255 /* field10.png */ = {isa = PBXFileReference; lastKnownFileType = image.png; path = field10.png; sourceTree = "<group>"; };
		1404762E1B43212100447255 /* field11.png */ = {isa = PBXFileReference; lastKnownFileType = image.png; path = field11.png; sourceTree = "<group>"; };
		141997D21B2F98E30087792A /* deadsoldier0.png */ = {isa = PBXFileReference; lastKnownFileType = image.png; name = deadsoldier0.png; path = solderideath/deadsoldier0.png; sourceTree = "<group>"; };
		141997D31B2F98E30087792A /* deadsoldier1.png */ = {isa = PBXFileReference; lastKnownFileType = image.png; name = deadsoldier1.png; path = solderideath/deadsoldier1.png; sourceTree = "<group>"; };
		141997D41B2F98E30087792A /* deadsoldier2.png */ = {isa = PBXFileReference; lastKnownFileType = image.png; name = deadsoldier2.png; path = solderideath/deadsoldier2.png; sourceTree = "<group>"; };
		141997D51B2F98E30087792A /* deadsoldier3.png */ = {isa = PBXFileReference; lastKnownFileType = image.png; name = deadsoldier3.png; path = solderideath/deadsoldier3.png; sourceTree = "<group>"; };
		141997D61B2F98E30087792A /* deadsoldier4.png */ = {isa = PBXFileReference; lastKnownFileType = image.png; name = deadsoldier4.png; path = solderideath/deadsoldier4.png; sourceTree = "<group>"; };
		141997D71B2F98E30087792A /* deadsoldier5.png */ = {isa = PBXFileReference; lastKnownFileType = image.png; name = deadsoldier5.png; path = solderideath/deadsoldier5.png; sourceTree = "<group>"; };
		141997D81B2F98E30087792A /* deadsoldier6.png */ = {isa = PBXFileReference; lastKnownFileType = image.png; name = deadsoldier6.png; path = solderideath/deadsoldier6.png; sourceTree = "<group>"; };
		141997D91B2F98E30087792A /* deadsoldier7.png */ = {isa = PBXFileReference; lastKnownFileType = image.png; name = deadsoldier7.png; path = solderideath/deadsoldier7.png; sourceTree = "<group>"; };
		141997DA1B2F98E30087792A /* deadsoldier8.png */ = {isa = PBXFileReference; lastKnownFileType = image.png; name = deadsoldier8.png; path = solderideath/deadsoldier8.png; sourceTree = "<group>"; };
		141997DB1B2F98E30087792A /* deadsoldier9.png */ = {isa = PBXFileReference; lastKnownFileType = image.png; name = deadsoldier9.png; path = solderideath/deadsoldier9.png; sourceTree = "<group>"; };
		141997DC1B2F98E30087792A /* deadsoldier10.png */ = {isa = PBXFileReference; lastKnownFileType = image.png; name = deadsoldier10.png; path = solderideath/deadsoldier10.png; sourceTree = "<group>"; };
		141997DD1B2F98E30087792A /* deadsoldier11.png */ = {isa = PBXFileReference; lastKnownFileType = image.png; name = deadsoldier11.png; path = solderideath/deadsoldier11.png; sourceTree = "<group>"; };
		141997DE1B2F98E30087792A /* deadsoldier12.png */ = {isa = PBXFileReference; lastKnownFileType = image.png; name = deadsoldier12.png; path = solderideath/deadsoldier12.png; sourceTree = "<group>"; };
		141997DF1B2F98E30087792A /* deadsoldier13.png */ = {isa = PBXFileReference; lastKnownFileType = image.png; name = deadsoldier13.png; path = solderideath/deadsoldier13.png; sourceTree = "<group>"; };
		141997E01B2F98E30087792A /* deadsoldier14.png */ = {isa = PBXFileReference; lastKnownFileType = image.png; name = deadsoldier14.png; path = solderideath/deadsoldier14.png; sourceTree = "<group>"; };
		1447312A1B3210C000A34790 /* heavyblood.sks */ = {isa = PBXFileReference; lastKnownFileType = file.sks; path = heavyblood.sks; sourceTree = "<group>"; };
		144731331B32453C00A34790 /* flamer.sks */ = {isa = PBXFileReference; lastKnownFileType = file.sks; path = flamer.sks; sourceTree = "<group>"; };
		1447313D1B3370EF00A34790 /* Enemy.swift */ = {isa = PBXFileReference; fileEncoding = 4; lastKnownFileType = sourcecode.swift; path = Enemy.swift; sourceTree = "<group>"; };
		1447313F1B339F3800A34790 /* ash.sks */ = {isa = PBXFileReference; lastKnownFileType = file.sks; path = ash.sks; sourceTree = "<group>"; };
		144731541B36E4B500A34790 /* expdeath0.png */ = {isa = PBXFileReference; lastKnownFileType = image.png; path = expdeath0.png; sourceTree = "<group>"; };
		144731551B36E4B500A34790 /* expdeath1.png */ = {isa = PBXFileReference; lastKnownFileType = image.png; path = expdeath1.png; sourceTree = "<group>"; };
		144731561B36E4B500A34790 /* expdeath2.png */ = {isa = PBXFileReference; lastKnownFileType = image.png; path = expdeath2.png; sourceTree = "<group>"; };
		144731571B36E4B500A34790 /* expdeath3.png */ = {isa = PBXFileReference; lastKnownFileType = image.png; path = expdeath3.png; sourceTree = "<group>"; };
		144731581B36E4B500A34790 /* expdeath4.png */ = {isa = PBXFileReference; lastKnownFileType = image.png; path = expdeath4.png; sourceTree = "<group>"; };
		144731591B36E4B500A34790 /* expdeath5.png */ = {isa = PBXFileReference; lastKnownFileType = image.png; path = expdeath5.png; sourceTree = "<group>"; };
		1447315A1B36E4B500A34790 /* expdeath6.png */ = {isa = PBXFileReference; lastKnownFileType = image.png; path = expdeath6.png; sourceTree = "<group>"; };
		1447315B1B36E4B500A34790 /* expdeath7.png */ = {isa = PBXFileReference; lastKnownFileType = image.png; path = expdeath7.png; sourceTree = "<group>"; };
		144731641B36F9EF00A34790 /* flamedeath0.png */ = {isa = PBXFileReference; lastKnownFileType = image.png; path = flamedeath0.png; sourceTree = "<group>"; };
		144731651B36F9EF00A34790 /* flamedeath1.png */ = {isa = PBXFileReference; lastKnownFileType = image.png; path = flamedeath1.png; sourceTree = "<group>"; };
		144731661B36F9EF00A34790 /* flamedeath2.png */ = {isa = PBXFileReference; lastKnownFileType = image.png; path = flamedeath2.png; sourceTree = "<group>"; };
		144731671B36F9EF00A34790 /* flamedeath3.png */ = {isa = PBXFileReference; lastKnownFileType = image.png; path = flamedeath3.png; sourceTree = "<group>"; };
		144731681B36F9EF00A34790 /* flamedeath4.png */ = {isa = PBXFileReference; lastKnownFileType = image.png; path = flamedeath4.png; sourceTree = "<group>"; };
		144731691B36F9EF00A34790 /* flamedeath5.png */ = {isa = PBXFileReference; lastKnownFileType = image.png; path = flamedeath5.png; sourceTree = "<group>"; };
		1447316A1B36F9EF00A34790 /* flamedeath6.png */ = {isa = PBXFileReference; lastKnownFileType = image.png; path = flamedeath6.png; sourceTree = "<group>"; };
		1447316B1B36F9EF00A34790 /* flamedeath7.png */ = {isa = PBXFileReference; lastKnownFileType = image.png; path = flamedeath7.png; sourceTree = "<group>"; };
		1447316C1B36F9EF00A34790 /* flamedeath8.png */ = {isa = PBXFileReference; lastKnownFileType = image.png; path = flamedeath8.png; sourceTree = "<group>"; };
		1447316D1B36F9EF00A34790 /* flamedeath9.png */ = {isa = PBXFileReference; lastKnownFileType = image.png; path = flamedeath9.png; sourceTree = "<group>"; };
		1447316E1B36F9EF00A34790 /* flamedeath10.png */ = {isa = PBXFileReference; lastKnownFileType = image.png; path = flamedeath10.png; sourceTree = "<group>"; };
		1447316F1B36F9EF00A34790 /* flamedeath11.png */ = {isa = PBXFileReference; lastKnownFileType = image.png; path = flamedeath11.png; sourceTree = "<group>"; };
		144731701B36F9EF00A34790 /* flamedeath12.png */ = {isa = PBXFileReference; lastKnownFileType = image.png; path = flamedeath12.png; sourceTree = "<group>"; };
		144731711B36F9EF00A34790 /* flamedeath13.png */ = {isa = PBXFileReference; lastKnownFileType = image.png; path = flamedeath13.png; sourceTree = "<group>"; };
		144731721B36F9EF00A34790 /* flamedeath14.png */ = {isa = PBXFileReference; lastKnownFileType = image.png; path = flamedeath14.png; sourceTree = "<group>"; };
		144731731B36F9EF00A34790 /* flamedeath15.png */ = {isa = PBXFileReference; lastKnownFileType = image.png; path = flamedeath15.png; sourceTree = "<group>"; };
		144731741B36F9EF00A34790 /* flamedeath16.png */ = {isa = PBXFileReference; lastKnownFileType = image.png; path = flamedeath16.png; sourceTree = "<group>"; };
		144731751B36F9EF00A34790 /* flamedeath17.png */ = {isa = PBXFileReference; lastKnownFileType = image.png; path = flamedeath17.png; sourceTree = "<group>"; };
		144731761B36F9EF00A34790 /* flamedeath18.png */ = {isa = PBXFileReference; lastKnownFileType = image.png; path = flamedeath18.png; sourceTree = "<group>"; };
		144731AA1B3771C800A34790 /* spark.sks */ = {isa = PBXFileReference; lastKnownFileType = file.sks; path = spark.sks; sourceTree = "<group>"; };
		145006831B38B89D00E191C8 /* GameOver.swift */ = {isa = PBXFileReference; fileEncoding = 4; lastKnownFileType = sourcecode.swift; path = GameOver.swift; sourceTree = "<group>"; };
		145431401B459741004E7336 /* ocean.mp3 */ = {isa = PBXFileReference; lastKnownFileType = audio.mp3; path = ocean.mp3; sourceTree = "<group>"; };
		145431421B45C8AD004E7336 /* zombie.atlas */ = {isa = PBXFileReference; lastKnownFileType = folder.skatlas; path = zombie.atlas; sourceTree = "<group>"; };
		145431441B45CCE9004E7336 /* cblood.sks */ = {isa = PBXFileReference; lastKnownFileType = file.sks; path = cblood.sks; sourceTree = "<group>"; };
		1456231B1B49C57000F51B6C /* exp.sks */ = {isa = PBXFileReference; lastKnownFileType = file.sks; path = exp.sks; sourceTree = "<group>"; };
		1456231D1B4AD78E00F51B6C /* spikesound.mp3 */ = {isa = PBXFileReference; lastKnownFileType = audio.mp3; path = spikesound.mp3; sourceTree = "<group>"; };
		147D28A01B2C790900BD025A /* Invader.swift */ = {isa = PBXFileReference; fileEncoding = 4; lastKnownFileType = sourcecode.swift; path = Invader.swift; sourceTree = "<group>"; };
		147D28A21B2C7EA000BD025A /* Player.swift */ = {isa = PBXFileReference; fileEncoding = 4; lastKnownFileType = sourcecode.swift; path = Player.swift; sourceTree = "<group>"; };
		147D28A41B2C829100BD025A /* Bullet.swift */ = {isa = PBXFileReference; fileEncoding = 4; lastKnownFileType = sourcecode.swift; path = Bullet.swift; sourceTree = "<group>"; };
		147D28A81B2C880000BD025A /* PlayerBullet.swift */ = {isa = PBXFileReference; fileEncoding = 4; lastKnownFileType = sourcecode.swift; path = PlayerBullet.swift; sourceTree = "<group>"; };
		147D28AA1B2D9C5E00BD025A /* Utilities.swift */ = {isa = PBXFileReference; fileEncoding = 4; lastKnownFileType = sourcecode.swift; path = Utilities.swift; sourceTree = "<group>"; };
		147E29FC1B41FCBF0043C662 /* dirt.sks */ = {isa = PBXFileReference; lastKnownFileType = file.sks; path = dirt.sks; sourceTree = "<group>"; };
		147E29FE1B4205430043C662 /* smoke.sks */ = {isa = PBXFileReference; lastKnownFileType = file.sks; path = smoke.sks; sourceTree = "<group>"; };
		1481238A1B30AF3E0056992C /* Timer.swift */ = {isa = PBXFileReference; fileEncoding = 4; lastKnownFileType = sourcecode.swift; path = Timer.swift; sourceTree = "<group>"; };
		1481238B1B30AF3E0056992C /* Globals.swift */ = {isa = PBXFileReference; fileEncoding = 4; lastKnownFileType = sourcecode.swift; path = Globals.swift; sourceTree = "<group>"; };
		1481238C1B30AF3E0056992C /* TargetAction.swift */ = {isa = PBXFileReference; fileEncoding = 4; lastKnownFileType = sourcecode.swift; path = TargetAction.swift; sourceTree = "<group>"; };
		1481238D1B30AF3E0056992C /* Scheduler.swift */ = {isa = PBXFileReference; fileEncoding = 4; lastKnownFileType = sourcecode.swift; path = Scheduler.swift; sourceTree = "<group>"; };
		148123931B30B7700056992C /* mummy0.png */ = {isa = PBXFileReference; lastKnownFileType = image.png; path = mummy0.png; sourceTree = "<group>"; };
		148123941B30B7700056992C /* mummy1.png */ = {isa = PBXFileReference; lastKnownFileType = image.png; path = mummy1.png; sourceTree = "<group>"; };
		148123951B30B7700056992C /* mummy2.png */ = {isa = PBXFileReference; lastKnownFileType = image.png; path = mummy2.png; sourceTree = "<group>"; };
		148123961B30B7700056992C /* mummy3.png */ = {isa = PBXFileReference; lastKnownFileType = image.png; path = mummy3.png; sourceTree = "<group>"; };
		148123971B30B7700056992C /* mummy4.png */ = {isa = PBXFileReference; lastKnownFileType = image.png; path = mummy4.png; sourceTree = "<group>"; };
		148123981B30B7700056992C /* mummy5.png */ = {isa = PBXFileReference; lastKnownFileType = image.png; path = mummy5.png; sourceTree = "<group>"; };
		148123991B30B7700056992C /* mummy6.png */ = {isa = PBXFileReference; lastKnownFileType = image.png; path = mummy6.png; sourceTree = "<group>"; };
		1481239A1B30B7700056992C /* mummy7.png */ = {isa = PBXFileReference; lastKnownFileType = image.png; path = mummy7.png; sourceTree = "<group>"; };
		1481239B1B30B7700056992C /* mummy8.png */ = {isa = PBXFileReference; lastKnownFileType = image.png; path = mummy8.png; sourceTree = "<group>"; };
		1481239C1B30B7700056992C /* mummy9.png */ = {isa = PBXFileReference; lastKnownFileType = image.png; path = mummy9.png; sourceTree = "<group>"; };
		1481239D1B30B7700056992C /* mummy10.png */ = {isa = PBXFileReference; lastKnownFileType = image.png; path = mummy10.png; sourceTree = "<group>"; };
		1481239E1B30B7700056992C /* mummy11.png */ = {isa = PBXFileReference; lastKnownFileType = image.png; path = mummy11.png; sourceTree = "<group>"; };
		1481239F1B30B7700056992C /* mummy12.png */ = {isa = PBXFileReference; lastKnownFileType = image.png; path = mummy12.png; sourceTree = "<group>"; };
		148123A01B30B7700056992C /* mummy13.png */ = {isa = PBXFileReference; lastKnownFileType = image.png; path = mummy13.png; sourceTree = "<group>"; };
		148123A11B30B7700056992C /* mummy14.png */ = {isa = PBXFileReference; lastKnownFileType = image.png; path = mummy14.png; sourceTree = "<group>"; };
		148123A21B30B7700056992C /* mummy15.png */ = {isa = PBXFileReference; lastKnownFileType = image.png; path = mummy15.png; sourceTree = "<group>"; };
		148123A31B30B7700056992C /* mummy16.png */ = {isa = PBXFileReference; lastKnownFileType = image.png; path = mummy16.png; sourceTree = "<group>"; };
		148123A41B30B7700056992C /* mummy17.png */ = {isa = PBXFileReference; lastKnownFileType = image.png; path = mummy17.png; sourceTree = "<group>"; };
		148123B71B30B9F50056992C /* Mummy.swift */ = {isa = PBXFileReference; fileEncoding = 4; lastKnownFileType = sourcecode.swift; path = Mummy.swift; sourceTree = "<group>"; };
		148123C71B31DCE60056992C /* ScenePiece.swift */ = {isa = PBXFileReference; fileEncoding = 4; lastKnownFileType = sourcecode.swift; path = ScenePiece.swift; sourceTree = "<group>"; };
		148558391B2F0AA300EBD93A /* spark.png */ = {isa = PBXFileReference; lastKnownFileType = image.png; path = spark.png; sourceTree = "<group>"; };
		1485583C1B2F12A200EBD93A /* blood.sks */ = {isa = PBXFileReference; lastKnownFileType = file.sks; path = blood.sks; sourceTree = "<group>"; };
		1485583E1B2F1AC400EBD93A /* MyParticleSystem.scnp */ = {isa = PBXFileReference; lastKnownFileType = file.scp; path = MyParticleSystem.scnp; sourceTree = "<group>"; };
		14B88C291B3E0230005C3E90 /* Ally.swift */ = {isa = PBXFileReference; fileEncoding = 4; lastKnownFileType = sourcecode.swift; path = Ally.swift; sourceTree = "<group>"; };
		14B88C2B1B3E2277005C3E90 /* EnemyBullet.swift */ = {isa = PBXFileReference; fileEncoding = 4; lastKnownFileType = sourcecode.swift; path = EnemyBullet.swift; sourceTree = "<group>"; };
		14BE40F51B448E0A00528C70 /* images.atlas */ = {isa = PBXFileReference; lastKnownFileType = folder.skatlas; path = images.atlas; sourceTree = "<group>"; };
		14BE40FB1B4491DD00528C70 /* soldierrun.atlas */ = {isa = PBXFileReference; lastKnownFileType = folder.skatlas; path = soldierrun.atlas; sourceTree = "<group>"; };
		14BE41001B4497A300528C70 /* BG.mp3 */ = {isa = PBXFileReference; lastKnownFileType = audio.mp3; name = BG.mp3; path = music/BG.mp3; sourceTree = "<group>"; };
		14BE41011B4497A300528C70 /* BGG.aiff */ = {isa = PBXFileReference; lastKnownFileType = audio.aiff; name = BGG.aiff; path = music/BGG.aiff; sourceTree = "<group>"; };
		14BE41021B4497A300528C70 /* BGG.wav */ = {isa = PBXFileReference; lastKnownFileType = audio.wav; name = BGG.wav; path = music/BGG.wav; sourceTree = "<group>"; };
		14BE41031B4497A300528C70 /* BGM.mp3 */ = {isa = PBXFileReference; lastKnownFileType = audio.mp3; name = BGM.mp3; path = music/BGM.mp3; sourceTree = "<group>"; };
		14BE41041B4497A300528C70 /* BGmusic.mp3 */ = {isa = PBXFileReference; lastKnownFileType = audio.mp3; name = BGmusic.mp3; path = music/BGmusic.mp3; sourceTree = "<group>"; };
		14BE41051B4497A300528C70 /* Copy the Copyists.mp3 */ = {isa = PBXFileReference; lastKnownFileType = audio.mp3; name = "Copy the Copyists.mp3"; path = "music/Copy the Copyists.mp3"; sourceTree = "<group>"; };
		14BE41061B4497A300528C70 /* Dissonance.mp3 */ = {isa = PBXFileReference; lastKnownFileType = audio.mp3; name = Dissonance.mp3; path = music/Dissonance.mp3; sourceTree = "<group>"; };
		14BE41071B4497A300528C70 /* Hello.mp3 */ = {isa = PBXFileReference; lastKnownFileType = audio.mp3; name = Hello.mp3; path = music/Hello.mp3; sourceTree = "<group>"; };
		14BE41081B4497A300528C70 /* intro.mid */ = {isa = PBXFileReference; lastKnownFileType = audio.midi; name = intro.mid; path = music/intro.mid; sourceTree = "<group>"; };
		14BE41091B4497A300528C70 /* Revelations.mp3 */ = {isa = PBXFileReference; lastKnownFileType = audio.mp3; name = Revelations.mp3; path = music/Revelations.mp3; sourceTree = "<group>"; };
		14BE410A1B4497A300528C70 /* GO.mp3 */ = {isa = PBXFileReference; lastKnownFileType = audio.mp3; name = GO.mp3; path = music/GO.mp3; sourceTree = "<group>"; };
		14BE41171B4497F400528C70 /* arrowfire.mp3 */ = {isa = PBXFileReference; lastKnownFileType = audio.mp3; name = arrowfire.mp3; path = sounds/arrowfire.mp3; sourceTree = "<group>"; };
		14BE41181B4497F400528C70 /* autolaser.mp3 */ = {isa = PBXFileReference; lastKnownFileType = audio.mp3; name = autolaser.mp3; path = sounds/autolaser.mp3; sourceTree = "<group>"; };
		14BE41191B4497F400528C70 /* beep.mp3 */ = {isa = PBXFileReference; lastKnownFileType = audio.mp3; name = beep.mp3; path = sounds/beep.mp3; sourceTree = "<group>"; };
		14BE411B1B4497F400528C70 /* flamergoing.wav */ = {isa = PBXFileReference; lastKnownFileType = audio.wav; name = flamergoing.wav; path = sounds/flamergoing.wav; sourceTree = "<group>"; };
		14BE411C1B4497F400528C70 /* flamersound.mp3 */ = {isa = PBXFileReference; lastKnownFileType = audio.mp3; name = flamersound.mp3; path = sounds/flamersound.mp3; sourceTree = "<group>"; };
		14BE411D1B4497F400528C70 /* gunshot.mp3 */ = {isa = PBXFileReference; lastKnownFileType = audio.mp3; name = gunshot.mp3; path = sounds/gunshot.mp3; sourceTree = "<group>"; };
		14BE411E1B4497F400528C70 /* hit.mp3 */ = {isa = PBXFileReference; lastKnownFileType = audio.mp3; name = hit.mp3; path = sounds/hit.mp3; sourceTree = "<group>"; };
		14BE411F1B4497F400528C70 /* machinegun.wav */ = {isa = PBXFileReference; lastKnownFileType = audio.wav; name = machinegun.wav; path = sounds/machinegun.wav; sourceTree = "<group>"; };
		14BE41201B4497F400528C70 /* mm.wav */ = {isa = PBXFileReference; lastKnownFileType = audio.wav; name = mm.wav; path = sounds/mm.wav; sourceTree = "<group>"; };
		14BE41211B4497F400528C70 /* nade.mp3 */ = {isa = PBXFileReference; lastKnownFileType = audio.mp3; name = nade.mp3; path = sounds/nade.mp3; sourceTree = "<group>"; };
		14BE41221B4497F400528C70 /* punch.wav */ = {isa = PBXFileReference; lastKnownFileType = audio.wav; name = punch.wav; path = sounds/punch.wav; sourceTree = "<group>"; };
		14BE41241B4497F400528C70 /* shotgunreload.mp3 */ = {isa = PBXFileReference; lastKnownFileType = audio.mp3; name = shotgunreload.mp3; path = sounds/shotgunreload.mp3; sourceTree = "<group>"; };
		14BE41251B4497F400528C70 /* shotgunsound.mp3 */ = {isa = PBXFileReference; lastKnownFileType = audio.mp3; name = shotgunsound.mp3; path = sounds/shotgunsound.mp3; sourceTree = "<group>"; };
		14BE41261B4497F400528C70 /* slice.mp3 */ = {isa = PBXFileReference; lastKnownFileType = audio.mp3; name = slice.mp3; path = sounds/slice.mp3; sourceTree = "<group>"; };
		14BE41271B4497F400528C70 /* smash.wav */ = {isa = PBXFileReference; lastKnownFileType = audio.wav; name = smash.wav; path = sounds/smash.wav; sourceTree = "<group>"; };
		14BE413A1B44990F00528C70 /* heavy.atlas */ = {isa = PBXFileReference; lastKnownFileType = folder.skatlas; path = heavy.atlas; sourceTree = "<group>"; };
		14BE413E1B449ABC00528C70 /* CONQUEST.ttf */ = {isa = PBXFileReference; lastKnownFileType = file; path = CONQUEST.ttf; sourceTree = "<group>"; };
		745B96231A8BDC36006D014D /* MobileTutsInvaderz.app */ = {isa = PBXFileReference; explicitFileType = wrapper.application; includeInIndex = 0; path = MobileTutsInvaderz.app; sourceTree = BUILT_PRODUCTS_DIR; };
		745B96271A8BDC36006D014D /* Info.plist */ = {isa = PBXFileReference; lastKnownFileType = text.plist.xml; path = Info.plist; sourceTree = "<group>"; };
		745B96281A8BDC36006D014D /* AppDelegate.swift */ = {isa = PBXFileReference; lastKnownFileType = sourcecode.swift; path = AppDelegate.swift; sourceTree = "<group>"; };
		745B962C1A8BDC36006D014D /* GameScene.swift */ = {isa = PBXFileReference; lastKnownFileType = sourcecode.swift; path = GameScene.swift; sourceTree = "<group>"; };
		745B962E1A8BDC36006D014D /* GameViewController.swift */ = {isa = PBXFileReference; lastKnownFileType = sourcecode.swift; path = GameViewController.swift; sourceTree = "<group>"; };
		745B96311A8BDC36006D014D /* Base */ = {isa = PBXFileReference; lastKnownFileType = file.storyboard; name = Base; path = Base.lproj/Main.storyboard; sourceTree = "<group>"; };
		745B96331A8BDC36006D014D /* Images.xcassets */ = {isa = PBXFileReference; lastKnownFileType = folder.assetcatalog; path = Images.xcassets; sourceTree = "<group>"; };
		745B96361A8BDC36006D014D /* Base */ = {isa = PBXFileReference; lastKnownFileType = file.xib; name = Base; path = Base.lproj/LaunchScreen.xib; sourceTree = "<group>"; };
		745B963C1A8BDC36006D014D /* MobileTutsInvaderzTests.xctest */ = {isa = PBXFileReference; explicitFileType = wrapper.cfbundle; includeInIndex = 0; path = MobileTutsInvaderzTests.xctest; sourceTree = BUILT_PRODUCTS_DIR; };
		745B96411A8BDC36006D014D /* Info.plist */ = {isa = PBXFileReference; lastKnownFileType = text.plist.xml; path = Info.plist; sourceTree = "<group>"; };
		745B96421A8BDC36006D014D /* MobileTutsInvaderzTests.swift */ = {isa = PBXFileReference; lastKnownFileType = sourcecode.swift; path = MobileTutsInvaderzTests.swift; sourceTree = "<group>"; };
		745B964C1A8BFFD4006D014D /* StartGameScene.swift */ = {isa = PBXFileReference; fileEncoding = 4; lastKnownFileType = sourcecode.swift; path = StartGameScene.swift; sourceTree = "<group>"; };
/* End PBXFileReference section */

/* Begin PBXFrameworksBuildPhase section */
		745B96201A8BDC36006D014D /* Frameworks */ = {
			isa = PBXFrameworksBuildPhase;
			buildActionMask = 2147483647;
			files = (
			);
			runOnlyForDeploymentPostprocessing = 0;
		};
		745B96391A8BDC36006D014D /* Frameworks */ = {
			isa = PBXFrameworksBuildPhase;
			buildActionMask = 2147483647;
			files = (
			);
			runOnlyForDeploymentPostprocessing = 0;
		};
/* End PBXFrameworksBuildPhase section */

/* Begin PBXGroup section */
		141997D11B2F98D50087792A /* soldierdeath */ = {
			isa = PBXGroup;
			children = (
				141997D21B2F98E30087792A /* deadsoldier0.png */,
				141997D31B2F98E30087792A /* deadsoldier1.png */,
				141997D41B2F98E30087792A /* deadsoldier2.png */,
				141997D51B2F98E30087792A /* deadsoldier3.png */,
				141997D61B2F98E30087792A /* deadsoldier4.png */,
				141997D71B2F98E30087792A /* deadsoldier5.png */,
				141997D81B2F98E30087792A /* deadsoldier6.png */,
				141997D91B2F98E30087792A /* deadsoldier7.png */,
				141997DA1B2F98E30087792A /* deadsoldier8.png */,
				141997DB1B2F98E30087792A /* deadsoldier9.png */,
				141997DC1B2F98E30087792A /* deadsoldier10.png */,
				141997DD1B2F98E30087792A /* deadsoldier11.png */,
				141997DE1B2F98E30087792A /* deadsoldier12.png */,
				141997DF1B2F98E30087792A /* deadsoldier13.png */,
				141997E01B2F98E30087792A /* deadsoldier14.png */,
			);
			name = soldierdeath;
			sourceTree = "<group>";
		};
		144731531B36E4A700A34790 /* death2 */ = {
			isa = PBXGroup;
			children = (
				140476231B43212100447255 /* field0.png */,
				140476241B43212100447255 /* field1.png */,
				140476251B43212100447255 /* field2.png */,
				140476261B43212100447255 /* field3.png */,
				140476271B43212100447255 /* field4.png */,
				140476281B43212100447255 /* field5.png */,
				140476291B43212100447255 /* field6.png */,
				1404762A1B43212100447255 /* field7.png */,
				1404762B1B43212100447255 /* field8.png */,
				1404762C1B43212100447255 /* field9.png */,
				1404762D1B43212100447255 /* field10.png */,
				1404762E1B43212100447255 /* field11.png */,
				144731641B36F9EF00A34790 /* flamedeath0.png */,
				144731651B36F9EF00A34790 /* flamedeath1.png */,
				144731661B36F9EF00A34790 /* flamedeath2.png */,
				144731671B36F9EF00A34790 /* flamedeath3.png */,
				144731681B36F9EF00A34790 /* flamedeath4.png */,
				144731691B36F9EF00A34790 /* flamedeath5.png */,
				1447316A1B36F9EF00A34790 /* flamedeath6.png */,
				1447316B1B36F9EF00A34790 /* flamedeath7.png */,
				1447316C1B36F9EF00A34790 /* flamedeath8.png */,
				1447316D1B36F9EF00A34790 /* flamedeath9.png */,
				1447316E1B36F9EF00A34790 /* flamedeath10.png */,
				1447316F1B36F9EF00A34790 /* flamedeath11.png */,
				144731701B36F9EF00A34790 /* flamedeath12.png */,
				144731711B36F9EF00A34790 /* flamedeath13.png */,
				144731721B36F9EF00A34790 /* flamedeath14.png */,
				144731731B36F9EF00A34790 /* flamedeath15.png */,
				144731741B36F9EF00A34790 /* flamedeath16.png */,
				144731751B36F9EF00A34790 /* flamedeath17.png */,
				144731761B36F9EF00A34790 /* flamedeath18.png */,
				144731541B36E4B500A34790 /* expdeath0.png */,
				144731551B36E4B500A34790 /* expdeath1.png */,
				144731561B36E4B500A34790 /* expdeath2.png */,
				144731571B36E4B500A34790 /* expdeath3.png */,
				144731581B36E4B500A34790 /* expdeath4.png */,
				144731591B36E4B500A34790 /* expdeath5.png */,
				1447315A1B36E4B500A34790 /* expdeath6.png */,
				1447315B1B36E4B500A34790 /* expdeath7.png */,
			);
			name = death2;
			sourceTree = "<group>";
		};
		148123891B30AF300056992C /* Timer */ = {
			isa = PBXGroup;
			children = (
				1481238A1B30AF3E0056992C /* Timer.swift */,
				1481238B1B30AF3E0056992C /* Globals.swift */,
				1481238C1B30AF3E0056992C /* TargetAction.swift */,
				1481238D1B30AF3E0056992C /* Scheduler.swift */,
			);
			name = Timer;
			sourceTree = "<group>";
		};
		148123921B30B7590056992C /* mummy */ = {
			isa = PBXGroup;
			children = (
				148123931B30B7700056992C /* mummy0.png */,
				148123941B30B7700056992C /* mummy1.png */,
				148123951B30B7700056992C /* mummy2.png */,
				148123961B30B7700056992C /* mummy3.png */,
				148123971B30B7700056992C /* mummy4.png */,
				148123981B30B7700056992C /* mummy5.png */,
				148123991B30B7700056992C /* mummy6.png */,
				1481239A1B30B7700056992C /* mummy7.png */,
				1481239B1B30B7700056992C /* mummy8.png */,
				1481239C1B30B7700056992C /* mummy9.png */,
				1481239D1B30B7700056992C /* mummy10.png */,
				1481239E1B30B7700056992C /* mummy11.png */,
				1481239F1B30B7700056992C /* mummy12.png */,
				148123A01B30B7700056992C /* mummy13.png */,
				148123A11B30B7700056992C /* mummy14.png */,
				148123A21B30B7700056992C /* mummy15.png */,
				148123A31B30B7700056992C /* mummy16.png */,
				148123A41B30B7700056992C /* mummy17.png */,
			);
			name = mummy;
			sourceTree = "<group>";
		};
		14BE40FF1B44979700528C70 /* music */ = {
			isa = PBXGroup;
			children = (
				145431401B459741004E7336 /* ocean.mp3 */,
				14BE41001B4497A300528C70 /* BG.mp3 */,
				14BE41011B4497A300528C70 /* BGG.aiff */,
				14BE41021B4497A300528C70 /* BGG.wav */,
				14BE41031B4497A300528C70 /* BGM.mp3 */,
				14BE41041B4497A300528C70 /* BGmusic.mp3 */,
				14BE41051B4497A300528C70 /* Copy the Copyists.mp3 */,
				14BE41061B4497A300528C70 /* Dissonance.mp3 */,
				14BE41071B4497A300528C70 /* Hello.mp3 */,
				14BE41081B4497A300528C70 /* intro.mid */,
				14BE41091B4497A300528C70 /* Revelations.mp3 */,
				14BE410A1B4497A300528C70 /* GO.mp3 */,
			);
			name = music;
			sourceTree = "<group>";
		};
		14BE41161B4497E700528C70 /* sounds */ = {
			isa = PBXGroup;
			children = (
				14BE41171B4497F400528C70 /* arrowfire.mp3 */,
				14BE41181B4497F400528C70 /* autolaser.mp3 */,
				14BE41191B4497F400528C70 /* beep.mp3 */,
				14BE411B1B4497F400528C70 /* flamergoing.wav */,
				14BE411C1B4497F400528C70 /* flamersound.mp3 */,
				14BE411D1B4497F400528C70 /* gunshot.mp3 */,
				14BE411E1B4497F400528C70 /* hit.mp3 */,
				1456231D1B4AD78E00F51B6C /* spikesound.mp3 */,
				14BE411F1B4497F400528C70 /* machinegun.wav */,
				14BE41201B4497F400528C70 /* mm.wav */,
				14BE41211B4497F400528C70 /* nade.mp3 */,
				14BE41221B4497F400528C70 /* punch.wav */,
				14BE41241B4497F400528C70 /* shotgunreload.mp3 */,
				14BE41251B4497F400528C70 /* shotgunsound.mp3 */,
				14BE41261B4497F400528C70 /* slice.mp3 */,
				14BE41271B4497F400528C70 /* smash.wav */,
			);
			name = sounds;
			sourceTree = "<group>";
		};
		14BE41391B44982800528C70 /* particles */ = {
			isa = PBXGroup;
			children = (
				147E29FC1B41FCBF0043C662 /* dirt.sks */,
				1456231B1B49C57000F51B6C /* exp.sks */,
				145431441B45CCE9004E7336 /* cblood.sks */,
				1485583C1B2F12A200EBD93A /* blood.sks */,
				144731331B32453C00A34790 /* flamer.sks */,
				144731AA1B3771C800A34790 /* spark.sks */,
				147E29FE1B4205430043C662 /* smoke.sks */,
				1447312A1B3210C000A34790 /* heavyblood.sks */,
				1447313F1B339F3800A34790 /* ash.sks */,
			);
			name = particles;
			sourceTree = "<group>";
		};
		745B961A1A8BDC36006D014D = {
			isa = PBXGroup;
			children = (
				745B96251A8BDC36006D014D /* MobileTutsInvaderz */,
				745B963F1A8BDC36006D014D /* MobileTutsInvaderzTests */,
				745B96241A8BDC36006D014D /* Products */,
			);
			sourceTree = "<group>";
		};
		745B96241A8BDC36006D014D /* Products */ = {
			isa = PBXGroup;
			children = (
				745B96231A8BDC36006D014D /* MobileTutsInvaderz.app */,
				745B963C1A8BDC36006D014D /* MobileTutsInvaderzTests.xctest */,
			);
			name = Products;
			sourceTree = "<group>";
		};
		745B96251A8BDC36006D014D /* MobileTutsInvaderz */ = {
			isa = PBXGroup;
			children = (
				14BE41161B4497E700528C70 /* sounds */,
				14BE40FF1B44979700528C70 /* music */,
				144731531B36E4A700A34790 /* death2 */,
				148123921B30B7590056992C /* mummy */,
				148123891B30AF300056992C /* Timer */,
				141997D11B2F98D50087792A /* soldierdeath */,
				14BE40F51B448E0A00528C70 /* images.atlas */,
				14BE40FB1B4491DD00528C70 /* soldierrun.atlas */,
				14BE413A1B44990F00528C70 /* heavy.atlas */,
				145431421B45C8AD004E7336 /* zombie.atlas */,
				745B96281A8BDC36006D014D /* AppDelegate.swift */,
				147D28A81B2C880000BD025A /* PlayerBullet.swift */,
				147D28A01B2C790900BD025A /* Invader.swift */,
				1447313D1B3370EF00A34790 /* Enemy.swift */,
				148123C71B31DCE60056992C /* ScenePiece.swift */,
				148123B71B30B9F50056992C /* Mummy.swift */,
				147D28AA1B2D9C5E00BD025A /* Utilities.swift */,
				147D28A21B2C7EA000BD025A /* Player.swift */,
				14B88C2B1B3E2277005C3E90 /* EnemyBullet.swift */,
				147D28A41B2C829100BD025A /* Bullet.swift */,
				745B962C1A8BDC36006D014D /* GameScene.swift */,
				14B88C291B3E0230005C3E90 /* Ally.swift */,
				145006831B38B89D00E191C8 /* GameOver.swift */,
				745B962E1A8BDC36006D014D /* GameViewController.swift */,
				745B964C1A8BFFD4006D014D /* StartGameScene.swift */,
				14BE41391B44982800528C70 /* particles */,
				1485583E1B2F1AC400EBD93A /* MyParticleSystem.scnp */,
				14BE413E1B449ABC00528C70 /* CONQUEST.ttf */,
				148558391B2F0AA300EBD93A /* spark.png */,
				745B96301A8BDC36006D014D /* Main.storyboard */,
				745B96331A8BDC36006D014D /* Images.xcassets */,
				745B96351A8BDC36006D014D /* LaunchScreen.xib */,
				745B96261A8BDC36006D014D /* Supporting Files */,
			);
			path = MobileTutsInvaderz;
			sourceTree = "<group>";
		};
		745B96261A8BDC36006D014D /* Supporting Files */ = {
			isa = PBXGroup;
			children = (
				745B96271A8BDC36006D014D /* Info.plist */,
			);
			name = "Supporting Files";
			sourceTree = "<group>";
		};
		745B963F1A8BDC36006D014D /* MobileTutsInvaderzTests */ = {
			isa = PBXGroup;
			children = (
				745B96421A8BDC36006D014D /* MobileTutsInvaderzTests.swift */,
				745B96401A8BDC36006D014D /* Supporting Files */,
			);
			path = MobileTutsInvaderzTests;
			sourceTree = "<group>";
		};
		745B96401A8BDC36006D014D /* Supporting Files */ = {
			isa = PBXGroup;
			children = (
				745B96411A8BDC36006D014D /* Info.plist */,
			);
			name = "Supporting Files";
			sourceTree = "<group>";
		};
/* End PBXGroup section */

/* Begin PBXNativeTarget section */
		745B96221A8BDC36006D014D /* MobileTutsInvaderz */ = {
			isa = PBXNativeTarget;
			buildConfigurationList = 745B96461A8BDC36006D014D /* Build configuration list for PBXNativeTarget "MobileTutsInvaderz" */;
			buildPhases = (
				745B961F1A8BDC36006D014D /* Sources */,
				745B96201A8BDC36006D014D /* Frameworks */,
				745B96211A8BDC36006D014D /* Resources */,
			);
			buildRules = (
			);
			dependencies = (
			);
			name = MobileTutsInvaderz;
			productName = MobileTutsInvaderz;
			productReference = 745B96231A8BDC36006D014D /* MobileTutsInvaderz.app */;
			productType = "com.apple.product-type.application";
		};
		745B963B1A8BDC36006D014D /* MobileTutsInvaderzTests */ = {
			isa = PBXNativeTarget;
			buildConfigurationList = 745B96491A8BDC36006D014D /* Build configuration list for PBXNativeTarget "MobileTutsInvaderzTests" */;
			buildPhases = (
				745B96381A8BDC36006D014D /* Sources */,
				745B96391A8BDC36006D014D /* Frameworks */,
				745B963A1A8BDC36006D014D /* Resources */,
			);
			buildRules = (
			);
			dependencies = (
				745B963E1A8BDC36006D014D /* PBXTargetDependency */,
			);
			name = MobileTutsInvaderzTests;
			productName = MobileTutsInvaderzTests;
			productReference = 745B963C1A8BDC36006D014D /* MobileTutsInvaderzTests.xctest */;
			productType = "com.apple.product-type.bundle.unit-test";
		};
/* End PBXNativeTarget section */

/* Begin PBXProject section */
		745B961B1A8BDC36006D014D /* Project object */ = {
			isa = PBXProject;
			attributes = {
				LastUpgradeCheck = 0610;
				ORGANIZATIONNAME = "James Tyner";
				TargetAttributes = {
					745B96221A8BDC36006D014D = {
						CreatedOnToolsVersion = 6.1.1;
						DevelopmentTeam = 7DT4GUMV2L;
					};
					745B963B1A8BDC36006D014D = {
						CreatedOnToolsVersion = 6.1.1;
						TestTargetID = 745B96221A8BDC36006D014D;
					};
				};
			};
			buildConfigurationList = 745B961E1A8BDC36006D014D /* Build configuration list for PBXProject "Zombie Attack" */;
			compatibilityVersion = "Xcode 3.2";
			developmentRegion = English;
			hasScannedForEncodings = 0;
			knownRegions = (
				en,
				Base,
			);
			mainGroup = 745B961A1A8BDC36006D014D;
			productRefGroup = 745B96241A8BDC36006D014D /* Products */;
			projectDirPath = "";
			projectRoot = "";
			targets = (
				745B96221A8BDC36006D014D /* MobileTutsInvaderz */,
				745B963B1A8BDC36006D014D /* MobileTutsInvaderzTests */,
			);
		};
/* End PBXProject section */

/* Begin PBXResourcesBuildPhase section */
		745B96211A8BDC36006D014D /* Resources */ = {
			isa = PBXResourcesBuildPhase;
			buildActionMask = 2147483647;
			files = (
				145431451B45CCE9004E7336 /* cblood.sks in Resources */,
				148123B11B30B7700056992C /* mummy12.png in Resources */,
				14BE41351B4497F400528C70 /* shotgunreload.mp3 in Resources */,
				148123A91B30B7700056992C /* mummy4.png in Resources */,
				148123AB1B30B7700056992C /* mummy6.png in Resources */,
				140476311B43212100447255 /* field2.png in Resources */,
				144731621B36E4B500A34790 /* expdeath6.png in Resources */,
				148123A81B30B7700056992C /* mummy3.png in Resources */,
				14BE41121B4497A300528C70 /* Hello.mp3 in Resources */,
				148123AC1B30B7700056992C /* mummy7.png in Resources */,
				14BE41371B4497F400528C70 /* slice.mp3 in Resources */,
				1447318A1B36F9EF00A34790 /* flamedeath18.png in Resources */,
				1485583F1B2F1AC400EBD93A /* MyParticleSystem.scnp in Resources */,
				14BE410E1B4497A300528C70 /* BGM.mp3 in Resources */,
				140476391B43212100447255 /* field10.png in Resources */,
				14BE412E1B4497F400528C70 /* gunshot.mp3 in Resources */,
				140476351B43212100447255 /* field6.png in Resources */,
				1456231E1B4AD78F00F51B6C /* spikesound.mp3 in Resources */,
				141997E51B2F98E30087792A /* deadsoldier4.png in Resources */,
				140476361B43212100447255 /* field7.png in Resources */,
				14BE412A1B4497F400528C70 /* beep.mp3 in Resources */,
				14BE41361B4497F400528C70 /* shotgunsound.mp3 in Resources */,
				14BE410D1B4497A300528C70 /* BGG.wav in Resources */,
				141997E41B2F98E30087792A /* deadsoldier3.png in Resources */,
				148123A61B30B7700056992C /* mummy1.png in Resources */,
				1447315C1B36E4B500A34790 /* expdeath0.png in Resources */,
				141997E61B2F98E30087792A /* deadsoldier5.png in Resources */,
				1456231C1B49C57000F51B6C /* exp.sks in Resources */,
				141997ED1B2F98E30087792A /* deadsoldier12.png in Resources */,
				148123B31B30B7700056992C /* mummy14.png in Resources */,
				147E29FF1B4205430043C662 /* smoke.sks in Resources */,
				141997EA1B2F98E30087792A /* deadsoldier9.png in Resources */,
				144731831B36F9EF00A34790 /* flamedeath11.png in Resources */,
				140476331B43212100447255 /* field4.png in Resources */,
				148123B51B30B7700056992C /* mummy16.png in Resources */,
				148123B01B30B7700056992C /* mummy11.png in Resources */,
				140476321B43212100447255 /* field3.png in Resources */,
				141997E21B2F98E30087792A /* deadsoldier1.png in Resources */,
				144731881B36F9EF00A34790 /* flamedeath16.png in Resources */,
				144731871B36F9EF00A34790 /* flamedeath15.png in Resources */,
				1404762F1B43212100447255 /* field0.png in Resources */,
				148123AA1B30B7700056992C /* mummy5.png in Resources */,
				140476301B43212100447255 /* field1.png in Resources */,
				14BE410C1B4497A300528C70 /* BGG.aiff in Resources */,
				14BE40FC1B4491DD00528C70 /* soldierrun.atlas in Resources */,
				1485583B1B2F0AA300EBD93A /* spark.png in Resources */,
				141997E81B2F98E30087792A /* deadsoldier7.png in Resources */,
				1447317A1B36F9EF00A34790 /* flamedeath2.png in Resources */,
				141997EB1B2F98E30087792A /* deadsoldier10.png in Resources */,
				14BE41321B4497F400528C70 /* nade.mp3 in Resources */,
				14BE41331B4497F400528C70 /* punch.wav in Resources */,
				745B96371A8BDC36006D014D /* LaunchScreen.xib in Resources */,
				14BE41381B4497F400528C70 /* smash.wav in Resources */,
				144731401B339F3900A34790 /* ash.sks in Resources */,
				144731841B36F9EF00A34790 /* flamedeath12.png in Resources */,
				1447317F1B36F9EF00A34790 /* flamedeath7.png in Resources */,
				144731861B36F9EF00A34790 /* flamedeath14.png in Resources */,
				144731891B36F9EF00A34790 /* flamedeath17.png in Resources */,
				148123AE1B30B7700056992C /* mummy9.png in Resources */,
				14BE410B1B4497A300528C70 /* BG.mp3 in Resources */,
				141997EC1B2F98E30087792A /* deadsoldier11.png in Resources */,
				144731611B36E4B500A34790 /* expdeath5.png in Resources */,
				14BE41281B4497F400528C70 /* arrowfire.mp3 in Resources */,
				148123B41B30B7700056992C /* mummy15.png in Resources */,
				144731811B36F9EF00A34790 /* flamedeath9.png in Resources */,
				144731781B36F9EF00A34790 /* flamedeath0.png in Resources */,
				14BE412F1B4497F400528C70 /* hit.mp3 in Resources */,
				1447317C1B36F9EF00A34790 /* flamedeath4.png in Resources */,
				1404763A1B43212100447255 /* field11.png in Resources */,
				14BE410F1B4497A300528C70 /* BGmusic.mp3 in Resources */,
				141997EF1B2F98E30087792A /* deadsoldier14.png in Resources */,
				144731AB1B3771C800A34790 /* spark.sks in Resources */,
				1447315D1B36E4B500A34790 /* expdeath1.png in Resources */,
				14BE41111B4497A300528C70 /* Dissonance.mp3 in Resources */,
				148123B61B30B7700056992C /* mummy17.png in Resources */,
				144731601B36E4B500A34790 /* expdeath4.png in Resources */,
				144731791B36F9EF00A34790 /* flamedeath1.png in Resources */,
				144731341B32453C00A34790 /* flamer.sks in Resources */,
				1447317E1B36F9EF00A34790 /* flamedeath6.png in Resources */,
				1447315E1B36E4B500A34790 /* expdeath2.png in Resources */,
				144731801B36F9EF00A34790 /* flamedeath8.png in Resources */,
				140476381B43212100447255 /* field9.png in Resources */,
				141997E91B2F98E30087792A /* deadsoldier8.png in Resources */,
				14BE413B1B44990F00528C70 /* heavy.atlas in Resources */,
				144731851B36F9EF00A34790 /* flamedeath13.png in Resources */,
				14BE41301B4497F400528C70 /* machinegun.wav in Resources */,
				1485583D1B2F12A200EBD93A /* blood.sks in Resources */,
				147E29FD1B41FCBF0043C662 /* dirt.sks in Resources */,
				14BE40F61B448E0A00528C70 /* images.atlas in Resources */,
				14BE41151B4497A300528C70 /* GO.mp3 in Resources */,
				140476341B43212100447255 /* field5.png in Resources */,
				148123AD1B30B7700056992C /* mummy8.png in Resources */,
				1447317B1B36F9EF00A34790 /* flamedeath3.png in Resources */,
				140476371B43212100447255 /* field8.png in Resources */,
				14BE41101B4497A300528C70 /* Copy the Copyists.mp3 in Resources */,
				141997E71B2F98E30087792A /* deadsoldier6.png in Resources */,
				148123A71B30B7700056992C /* mummy2.png in Resources */,
				745B96341A8BDC36006D014D /* Images.xcassets in Resources */,
				141997E11B2F98E30087792A /* deadsoldier0.png in Resources */,
				1447312B1B3210C000A34790 /* heavyblood.sks in Resources */,
				745B96321A8BDC36006D014D /* Main.storyboard in Resources */,
				144731631B36E4B500A34790 /* expdeath7.png in Resources */,
				148123B21B30B7700056992C /* mummy13.png in Resources */,
				145431411B459741004E7336 /* ocean.mp3 in Resources */,
				141997EE1B2F98E30087792A /* deadsoldier13.png in Resources */,
				14BE41291B4497F400528C70 /* autolaser.mp3 in Resources */,
				1447315F1B36E4B500A34790 /* expdeath3.png in Resources */,
				1447317D1B36F9EF00A34790 /* flamedeath5.png in Resources */,
				14BE412C1B4497F400528C70 /* flamergoing.wav in Resources */,
				145431431B45C8AD004E7336 /* zombie.atlas in Resources */,
				14BE41311B4497F400528C70 /* mm.wav in Resources */,
				14BE41141B4497A300528C70 /* Revelations.mp3 in Resources */,
				14BE412D1B4497F400528C70 /* flamersound.mp3 in Resources */,
				148123A51B30B7700056992C /* mummy0.png in Resources */,
				148123AF1B30B7700056992C /* mummy10.png in Resources */,
				144731821B36F9EF00A34790 /* flamedeath10.png in Resources */,
				141997E31B2F98E30087792A /* deadsoldier2.png in Resources */,
				14BE41131B4497A300528C70 /* intro.mid in Resources */,
			);
			runOnlyForDeploymentPostprocessing = 0;
		};
		745B963A1A8BDC36006D014D /* Resources */ = {
			isa = PBXResourcesBuildPhase;
			buildActionMask = 2147483647;
			files = (
			);
			runOnlyForDeploymentPostprocessing = 0;
		};
/* End PBXResourcesBuildPhase section */

/* Begin PBXSourcesBuildPhase section */
		745B961F1A8BDC36006D014D /* Sources */ = {
			isa = PBXSourcesBuildPhase;
			buildActionMask = 2147483647;
			files = (
				14B88C2C1B3E2277005C3E90 /* EnemyBullet.swift in Sources */,
				148123911B30AF3E0056992C /* Scheduler.swift in Sources */,
				147D28A91B2C880000BD025A /* PlayerBullet.swift in Sources */,
				745B962D1A8BDC36006D014D /* GameScene.swift in Sources */,
				745B964D1A8BFFD4006D014D /* StartGameScene.swift in Sources */,
				1447313E1B3370EF00A34790 /* Enemy.swift in Sources */,
				1481238E1B30AF3E0056992C /* Timer.swift in Sources */,
				147D28A11B2C790900BD025A /* Invader.swift in Sources */,
				148123C81B31DCE60056992C /* ScenePiece.swift in Sources */,
				1481238F1B30AF3E0056992C /* Globals.swift in Sources */,
				14B88C2A1B3E0230005C3E90 /* Ally.swift in Sources */,
				145006841B38B89D00E191C8 /* GameOver.swift in Sources */,
				147D28A51B2C829100BD025A /* Bullet.swift in Sources */,
				745B962F1A8BDC36006D014D /* GameViewController.swift in Sources */,
				147D28A31B2C7EA000BD025A /* Player.swift in Sources */,
				745B96291A8BDC36006D014D /* AppDelegate.swift in Sources */,
				148123901B30AF3E0056992C /* TargetAction.swift in Sources */,
				147D28AB1B2D9C5E00BD025A /* Utilities.swift in Sources */,
				148123B81B30B9F50056992C /* Mummy.swift in Sources */,
			);
			runOnlyForDeploymentPostprocessing = 0;
		};
		745B96381A8BDC36006D014D /* Sources */ = {
			isa = PBXSourcesBuildPhase;
			buildActionMask = 2147483647;
			files = (
				745B96431A8BDC36006D014D /* MobileTutsInvaderzTests.swift in Sources */,
			);
			runOnlyForDeploymentPostprocessing = 0;
		};
/* End PBXSourcesBuildPhase section */

/* Begin PBXTargetDependency section */
		745B963E1A8BDC36006D014D /* PBXTargetDependency */ = {
			isa = PBXTargetDependency;
			target = 745B96221A8BDC36006D014D /* MobileTutsInvaderz */;
			targetProxy = 745B963D1A8BDC36006D014D /* PBXContainerItemProxy */;
		};
/* End PBXTargetDependency section */

/* Begin PBXVariantGroup section */
		745B96301A8BDC36006D014D /* Main.storyboard */ = {
			isa = PBXVariantGroup;
			children = (
				745B96311A8BDC36006D014D /* Base */,
			);
			name = Main.storyboard;
			sourceTree = "<group>";
		};
		745B96351A8BDC36006D014D /* LaunchScreen.xib */ = {
			isa = PBXVariantGroup;
			children = (
				745B96361A8BDC36006D014D /* Base */,
			);
			name = LaunchScreen.xib;
			sourceTree = "<group>";
		};
/* End PBXVariantGroup section */

/* Begin XCBuildConfiguration section */
		745B96441A8BDC36006D014D /* Debug */ = {
			isa = XCBuildConfiguration;
			buildSettings = {
				ALWAYS_SEARCH_USER_PATHS = NO;
				CLANG_CXX_LANGUAGE_STANDARD = "gnu++0x";
				CLANG_CXX_LIBRARY = "libc++";
				CLANG_ENABLE_MODULES = YES;
				CLANG_ENABLE_OBJC_ARC = YES;
				CLANG_WARN_BOOL_CONVERSION = YES;
				CLANG_WARN_CONSTANT_CONVERSION = YES;
				CLANG_WARN_DIRECT_OBJC_ISA_USAGE = YES_ERROR;
				CLANG_WARN_EMPTY_BODY = YES;
				CLANG_WARN_ENUM_CONVERSION = YES;
				CLANG_WARN_INT_CONVERSION = YES;
				CLANG_WARN_OBJC_ROOT_CLASS = YES_ERROR;
				CLANG_WARN_UNREACHABLE_CODE = YES;
				CLANG_WARN__DUPLICATE_METHOD_MATCH = YES;
				"CODE_SIGN_IDENTITY[sdk=iphoneos*]" = "iPhone Developer";
				COPY_PHASE_STRIP = NO;
				ENABLE_STRICT_OBJC_MSGSEND = YES;
				GCC_C_LANGUAGE_STANDARD = gnu99;
				GCC_DYNAMIC_NO_PIC = NO;
				GCC_OPTIMIZATION_LEVEL = 0;
				GCC_PREPROCESSOR_DEFINITIONS = (
					"DEBUG=1",
					"$(inherited)",
				);
				GCC_SYMBOLS_PRIVATE_EXTERN = NO;
				GCC_WARN_64_TO_32_BIT_CONVERSION = YES;
				GCC_WARN_ABOUT_RETURN_TYPE = YES_ERROR;
				GCC_WARN_UNDECLARED_SELECTOR = YES;
				GCC_WARN_UNINITIALIZED_AUTOS = YES_AGGRESSIVE;
				GCC_WARN_UNUSED_FUNCTION = YES;
				GCC_WARN_UNUSED_VARIABLE = YES;
				IPHONEOS_DEPLOYMENT_TARGET = 8.1;
				MTL_ENABLE_DEBUG_INFO = YES;
				ONLY_ACTIVE_ARCH = YES;
				SDKROOT = iphoneos;
				SWIFT_OPTIMIZATION_LEVEL = "-Onone";
				TARGETED_DEVICE_FAMILY = 2;
			};
			name = Debug;
		};
		745B96451A8BDC36006D014D /* Release */ = {
			isa = XCBuildConfiguration;
			buildSettings = {
				ALWAYS_SEARCH_USER_PATHS = NO;
				CLANG_CXX_LANGUAGE_STANDARD = "gnu++0x";
				CLANG_CXX_LIBRARY = "libc++";
				CLANG_ENABLE_MODULES = YES;
				CLANG_ENABLE_OBJC_ARC = YES;
				CLANG_WARN_BOOL_CONVERSION = YES;
				CLANG_WARN_CONSTANT_CONVERSION = YES;
				CLANG_WARN_DIRECT_OBJC_ISA_USAGE = YES_ERROR;
				CLANG_WARN_EMPTY_BODY = YES;
				CLANG_WARN_ENUM_CONVERSION = YES;
				CLANG_WARN_INT_CONVERSION = YES;
				CLANG_WARN_OBJC_ROOT_CLASS = YES_ERROR;
				CLANG_WARN_UNREACHABLE_CODE = YES;
				CLANG_WARN__DUPLICATE_METHOD_MATCH = YES;
				"CODE_SIGN_IDENTITY[sdk=iphoneos*]" = "iPhone Developer";
				COPY_PHASE_STRIP = YES;
				ENABLE_NS_ASSERTIONS = NO;
				ENABLE_STRICT_OBJC_MSGSEND = YES;
				GCC_C_LANGUAGE_STANDARD = gnu99;
				GCC_WARN_64_TO_32_BIT_CONVERSION = YES;
				GCC_WARN_ABOUT_RETURN_TYPE = YES_ERROR;
				GCC_WARN_UNDECLARED_SELECTOR = YES;
				GCC_WARN_UNINITIALIZED_AUTOS = YES_AGGRESSIVE;
				GCC_WARN_UNUSED_FUNCTION = YES;
				GCC_WARN_UNUSED_VARIABLE = YES;
				IPHONEOS_DEPLOYMENT_TARGET = 8.1;
				MTL_ENABLE_DEBUG_INFO = NO;
				SDKROOT = iphoneos;
				TARGETED_DEVICE_FAMILY = 2;
				VALIDATE_PRODUCT = YES;
			};
			name = Release;
		};
		745B96471A8BDC36006D014D /* Debug */ = {
			isa = XCBuildConfiguration;
			buildSettings = {
				ASSETCATALOG_COMPILER_APPICON_NAME = "AppIcon-1";
				CODE_SIGN_IDENTITY = "iPhone Developer";
				"CODE_SIGN_IDENTITY[sdk=iphoneos*]" = "iPhone Developer";
				INFOPLIST_FILE = MobileTutsInvaderz/Info.plist;
				IPHONEOS_DEPLOYMENT_TARGET = 8.0;
				LD_RUNPATH_SEARCH_PATHS = "$(inherited) @executable_path/Frameworks";
				PRODUCT_NAME = "$(TARGET_NAME)";
				PROVISIONING_PROFILE = "";
				TARGETED_DEVICE_FAMILY = "1,2";
			};
			name = Debug;
		};
		745B96481A8BDC36006D014D /* Release */ = {
			isa = XCBuildConfiguration;
			buildSettings = {
				ASSETCATALOG_COMPILER_APPICON_NAME = "AppIcon-1";
				CODE_SIGN_IDENTITY = "iPhone Developer";
				"CODE_SIGN_IDENTITY[sdk=iphoneos*]" = "iPhone Developer";
				INFOPLIST_FILE = MobileTutsInvaderz/Info.plist;
				IPHONEOS_DEPLOYMENT_TARGET = 8.0;
				LD_RUNPATH_SEARCH_PATHS = "$(inherited) @executable_path/Frameworks";
				PRODUCT_NAME = "$(TARGET_NAME)";
				PROVISIONING_PROFILE = "";
				TARGETED_DEVICE_FAMILY = "1,2";
			};
			name = Release;
		};
		745B964A1A8BDC36006D014D /* Debug */ = {
			isa = XCBuildConfiguration;
			buildSettings = {
				BUNDLE_LOADER = "$(TEST_HOST)";
				FRAMEWORK_SEARCH_PATHS = (
					"$(SDKROOT)/Developer/Library/Frameworks",
					"$(inherited)",
				);
				GCC_PREPROCESSOR_DEFINITIONS = (
					"DEBUG=1",
					"$(inherited)",
				);
				INFOPLIST_FILE = MobileTutsInvaderzTests/Info.plist;
				LD_RUNPATH_SEARCH_PATHS = "$(inherited) @executable_path/Frameworks @loader_path/Frameworks";
				PRODUCT_NAME = "$(TARGET_NAME)";
				TEST_HOST = "$(BUILT_PRODUCTS_DIR)/MobileTutsInvaderz.app/MobileTutsInvaderz";
			};
			name = Debug;
		};
		745B964B1A8BDC36006D014D /* Release */ = {
			isa = XCBuildConfiguration;
			buildSettings = {
				BUNDLE_LOADER = "$(TEST_HOST)";
				FRAMEWORK_SEARCH_PATHS = (
					"$(SDKROOT)/Developer/Library/Frameworks",
					"$(inherited)",
				);
				INFOPLIST_FILE = MobileTutsInvaderzTests/Info.plist;
				LD_RUNPATH_SEARCH_PATHS = "$(inherited) @executable_path/Frameworks @loader_path/Frameworks";
				PRODUCT_NAME = "$(TARGET_NAME)";
				TEST_HOST = "$(BUILT_PRODUCTS_DIR)/MobileTutsInvaderz.app/MobileTutsInvaderz";
			};
			name = Release;
		};
/* End XCBuildConfiguration section */

/* Begin XCConfigurationList section */
		745B961E1A8BDC36006D014D /* Build configuration list for PBXProject "Zombie Attack" */ = {
			isa = XCConfigurationList;
			buildConfigurations = (
				745B96441A8BDC36006D014D /* Debug */,
				745B96451A8BDC36006D014D /* Release */,
			);
			defaultConfigurationIsVisible = 0;
			defaultConfigurationName = Release;
		};
		745B96461A8BDC36006D014D /* Build configuration list for PBXNativeTarget "MobileTutsInvaderz" */ = {
			isa = XCConfigurationList;
			buildConfigurations = (
				745B96471A8BDC36006D014D /* Debug */,
				745B96481A8BDC36006D014D /* Release */,
			);
			defaultConfigurationIsVisible = 0;
			defaultConfigurationName = Release;
		};
		745B96491A8BDC36006D014D /* Build configuration list for PBXNativeTarget "MobileTutsInvaderzTests" */ = {
			isa = XCConfigurationList;
			buildConfigurations = (
				745B964A1A8BDC36006D014D /* Debug */,
				745B964B1A8BDC36006D014D /* Release */,
			);
			defaultConfigurationIsVisible = 0;
			defaultConfigurationName = Release;
		};
/* End XCConfigurationList section */
	};
	rootObject = 745B961B1A8BDC36006D014D /* Project object */;
}
